
Microsoft Visual Studio Solution File, Format Version 12.00
# Visual Studio Version 17
VisualStudioVersion = 17.14.36616.10 d17.14
MinimumVisualStudioVersion = 10.0.40219.1
Project("{FAE04EC0-301F-11D3-BF4B-00C04F79EFBC}") = "Semestr2", "Semestr2\Semestr2.csproj", "{99522946-D519-4308-83F7-A2BB4AEDAEAB}"
EndProject
Project("{FAE04EC0-301F-11D3-BF4B-00C04F79EFBC}") = "Lab1", "Lab1\Lab1.csproj", "{C09C59FB-C8FE-4B11-9794-9FC394D3F001}"
EndProject
Global
	GlobalSection(SolutionConfigurationPlatforms) = preSolution
		Debug|Any CPU = Debug|Any CPU
		Release|Any CPU = Release|Any CPU
	EndGlobalSection
	GlobalSection(ProjectConfigurationPlatforms) = postSolution
		{99522946-D519-4308-83F7-A2BB4AEDAEAB}.Debug|Any CPU.ActiveCfg = Debug|Any CPU
		{99522946-D519-4308-83F7-A2BB4AEDAEAB}.Debug|Any CPU.Build.0 = Debug|Any CPU
		{99522946-D519-4308-83F7-A2BB4AEDAEAB}.Release|Any CPU.ActiveCfg = Release|Any CPU
		{99522946-D519-4308-83F7-A2BB4AEDAEAB}.Release|Any CPU.Build.0 = Release|Any CPU
		{C09C59FB-C8FE-4B11-9794-9FC394D3F001}.Debug|Any CPU.ActiveCfg = Debug|Any CPU
		{C09C59FB-C8FE-4B11-9794-9FC394D3F001}.Debug|Any CPU.Build.0 = Debug|Any CPU
		{C09C59FB-C8FE-4B11-9794-9FC394D3F001}.Release|Any CPU.ActiveCfg = Release|Any CPU
		{C09C59FB-C8FE-4B11-9794-9FC394D3F001}.Release|Any CPU.Build.0 = Release|Any CPU
	EndGlobalSection
	GlobalSection(SolutionProperties) = preSolution
		HideSolutionNode = FALSE
	EndGlobalSection
	GlobalSection(ExtensibilityGlobals) = postSolution
		SolutionGuid = {CC7D0BDD-9E15-4188-A4F9-7783BCA65152}
	EndGlobalSection
EndGlobal
