
Microsoft Visual Studio Solution File, Format Version 12.00
# Visual Studio Version 17
VisualStudioVersion = 17.14.36616.10
MinimumVisualStudioVersion = 10.0.40219.1
Project("{FAE04EC0-301F-11D3-BF4B-00C04F79EFBC}") = "Semestr2", "Semestr2\Semestr2.csproj", "{99522946-D519-4308-83F7-A2BB4AEDAEAB}"
EndProject
Project("{FAE04EC0-301F-11D3-BF4B-00C04F79EFBC}") = "Lab1", "Lab1\Lab1.csproj", "{C09C59FB-C8FE-4B11-9794-9FC394D3F001}"
EndProject
Project("{FAE04EC0-301F-11D3-BF4B-00C04F79EFBC}") = "Lab2", "Lab2\Lab2.csproj", "{321B930C-2126-4E6D-A4C9-A21431965DA6}"
EndProject
Project("{FAE04EC0-301F-11D3-BF4B-00C04F79EFBC}") = "Lab3", "Lab3\Lab3.csproj", "{20EE1AB1-2427-42B4-B336-22B1E09E3F57}"
EndProject
Project("{FAE04EC0-301F-11D3-BF4B-00C04F79EFBC}") = "Lab4", "Lab4\Lab4.csproj", "{730BA044-FA5B-4105-B095-58F17B221BF5}"
EndProject
Project("{FAE04EC0-301F-11D3-BF4B-00C04F79EFBC}") = "Lab5", "Lab5\Lab5.csproj", "{D8392741-94ED-45D7-9215-D494B9D2E86A}"
EndProject
Project("{FAE04EC0-301F-11D3-BF4B-00C04F79EFBC}") = "Lab6", "Lab6\Lab6.csproj", "{8358E6B1-FA64-4695-AAB1-CCC0FB04CEF9}"
EndProject
Project("{FAE04EC0-301F-11D3-BF4B-00C04F79EFBC}") = "OS1", "OS1\OS1.csproj", "{CFEF0DB5-31B1-46A8-9F42-512A34D33F71}"
EndProject
Project("{FAE04EC0-301F-11D3-BF4B-00C04F79EFBC}") = "Lab7", "Lab7\Lab7.csproj", "{1BB8239A-4C22-4C0A-8AB1-F7FF5EA40008}"
EndProject
Project("{FAE04EC0-301F-11D3-BF4B-00C04F79EFBC}") = "Lab8", "Lab8\Lab8.csproj", "{F475C189-520F-4BE9-9E26-E948ED406FA9}"
EndProject
Project("{FAE04EC0-301F-11D3-BF4B-00C04F79EFBC}") = "Lab9", "Lab9\Lab9.csproj", "{E91C5BB8-3EB1-43CC-B545-E7B1887363FA}"
EndProject
Project("{FAE04EC0-301F-11D3-BF4B-00C04F79EFBC}") = "OS2", "OS2\OS2.csproj", "{B3EE8205-E0E6-415F-8C5C-C9FD5213FABA}"
EndProject
Project("{FAE04EC0-301F-11D3-BF4B-00C04F79EFBC}") = "Lab10", "Lab10\Lab10.csproj", "{97FC4534-C24F-4136-99F2-A46E351C378F}"
EndProject
Project("{FAE04EC0-301F-11D3-BF4B-00C04F79EFBC}") = "Lab11", "Lab11\Lab11.csproj", "{7D870CDE-D5D9-4CD1-A74E-4EC449D7C44C}"
EndProject
Project("{FAE04EC0-301F-11D3-BF4B-00C04F79EFBC}") = "net1", "net1\net1.csproj", "{8F550433-059C-4495-8B18-44632949FEAA}"
EndProject
Project("{FAE04EC0-301F-11D3-BF4B-00C04F79EFBC}") = "WPFLesson1", "WPFLesson1\WPFLesson1.csproj", "{EA92E871-61F3-42FA-9A52-8BE175087404}"
EndProject
Project("{FAE04EC0-301F-11D3-BF4B-00C04F79EFBC}") = "WPFLesson2", "WPFLesson2\WPFLesson2.csproj", "{4BC89A68-3776-41FA-979D-AC1A585D2328}"
EndProject
Project("{FAE04EC0-301F-11D3-BF4B-00C04F79EFBC}") = "Lab12", "Lab12\Lab12.csproj", "{311123F4-FD5F-4F4B-B998-8E2A24FEC670}"
EndProject
Project("{FAE04EC0-301F-11D3-BF4B-00C04F79EFBC}") = "Lab12WPF", "Lab12WPF\Lab12WPF.csproj", "{6F8AFD85-E7BF-443A-A1F9-E2D7AB30ADBA}"
EndProject
Project("{FAE04EC0-301F-11D3-BF4B-00C04F79EFBC}") = "OSLab1", "OSLab1\OSLab1.csproj", "{E9F706B4-1F1E-47C3-B254-8D4395746D3E}"
EndProject
Project("{FAE04EC0-301F-11D3-BF4B-00C04F79EFBC}") = "Lab13WPF", "Lab13WPF\Lab13WPF.csproj", "{D498AEDD-678C-4E86-ACB8-A4C8203240CC}"
EndProject
Global
	GlobalSection(SolutionConfigurationPlatforms) = preSolution
		Debug|Any CPU = Debug|Any CPU
		Release|Any CPU = Release|Any CPU
	EndGlobalSection
	GlobalSection(ProjectConfigurationPlatforms) = postSolution
		{99522946-D519-4308-83F7-A2BB4AEDAEAB}.Debug|Any CPU.ActiveCfg = Debug|Any CPU
		{99522946-D519-4308-83F7-A2BB4AEDAEAB}.Debug|Any CPU.Build.0 = Debug|Any CPU
		{99522946-D519-4308-83F7-A2BB4AEDAEAB}.Release|Any CPU.ActiveCfg = Release|Any CPU
		{99522946-D519-4308-83F7-A2BB4AEDAEAB}.Release|Any CPU.Build.0 = Release|Any CPU
		{C09C59FB-C8FE-4B11-9794-9FC394D3F001}.Debug|Any CPU.ActiveCfg = Debug|Any CPU
		{C09C59FB-C8FE-4B11-9794-9FC394D3F001}.Debug|Any CPU.Build.0 = Debug|Any CPU
		{C09C59FB-C8FE-4B11-9794-9FC394D3F001}.Release|Any CPU.ActiveCfg = Release|Any CPU
		{C09C59FB-C8FE-4B11-9794-9FC394D3F001}.Release|Any CPU.Build.0 = Release|Any CPU
		{321B930C-2126-4E6D-A4C9-A21431965DA6}.Debug|Any CPU.ActiveCfg = Debug|Any CPU
		{321B930C-2126-4E6D-A4C9-A21431965DA6}.Debug|Any CPU.Build.0 = Debug|Any CPU
		{321B930C-2126-4E6D-A4C9-A21431965DA6}.Release|Any CPU.ActiveCfg = Release|Any CPU
		{321B930C-2126-4E6D-A4C9-A21431965DA6}.Release|Any CPU.Build.0 = Release|Any CPU
		{20EE1AB1-2427-42B4-B336-22B1E09E3F57}.Debug|Any CPU.ActiveCfg = Debug|Any CPU
		{20EE1AB1-2427-42B4-B336-22B1E09E3F57}.Debug|Any CPU.Build.0 = Debug|Any CPU
		{20EE1AB1-2427-42B4-B336-22B1E09E3F57}.Release|Any CPU.ActiveCfg = Release|Any CPU
		{20EE1AB1-2427-42B4-B336-22B1E09E3F57}.Release|Any CPU.Build.0 = Release|Any CPU
		{730BA044-FA5B-4105-B095-58F17B221BF5}.Debug|Any CPU.ActiveCfg = Debug|Any CPU
		{730BA044-FA5B-4105-B095-58F17B221BF5}.Debug|Any CPU.Build.0 = Debug|Any CPU
		{730BA044-FA5B-4105-B095-58F17B221BF5}.Release|Any CPU.ActiveCfg = Release|Any CPU
		{730BA044-FA5B-4105-B095-58F17B221BF5}.Release|Any CPU.Build.0 = Release|Any CPU
		{D8392741-94ED-45D7-9215-D494B9D2E86A}.Debug|Any CPU.ActiveCfg = Debug|Any CPU
		{D8392741-94ED-45D7-9215-D494B9D2E86A}.Debug|Any CPU.Build.0 = Debug|Any CPU
		{D8392741-94ED-45D7-9215-D494B9D2E86A}.Release|Any CPU.ActiveCfg = Release|Any CPU
		{D8392741-94ED-45D7-9215-D494B9D2E86A}.Release|Any CPU.Build.0 = Release|Any CPU
		{8358E6B1-FA64-4695-AAB1-CCC0FB04CEF9}.Debug|Any CPU.ActiveCfg = Debug|Any CPU
		{8358E6B1-FA64-4695-AAB1-CCC0FB04CEF9}.Debug|Any CPU.Build.0 = Debug|Any CPU
		{8358E6B1-FA64-4695-AAB1-CCC0FB04CEF9}.Release|Any CPU.ActiveCfg = Release|Any CPU
		{8358E6B1-FA64-4695-AAB1-CCC0FB04CEF9}.Release|Any CPU.Build.0 = Release|Any CPU
		{CFEF0DB5-31B1-46A8-9F42-512A34D33F71}.Debug|Any CPU.ActiveCfg = Debug|Any CPU
		{CFEF0DB5-31B1-46A8-9F42-512A34D33F71}.Debug|Any CPU.Build.0 = Debug|Any CPU
		{CFEF0DB5-31B1-46A8-9F42-512A34D33F71}.Release|Any CPU.ActiveCfg = Release|Any CPU
		{CFEF0DB5-31B1-46A8-9F42-512A34D33F71}.Release|Any CPU.Build.0 = Release|Any CPU
		{1BB8239A-4C22-4C0A-8AB1-F7FF5EA40008}.Debug|Any CPU.ActiveCfg = Debug|Any CPU
		{1BB8239A-4C22-4C0A-8AB1-F7FF5EA40008}.Debug|Any CPU.Build.0 = Debug|Any CPU
		{1BB8239A-4C22-4C0A-8AB1-F7FF5EA40008}.Release|Any CPU.ActiveCfg = Release|Any CPU
		{1BB8239A-4C22-4C0A-8AB1-F7FF5EA40008}.Release|Any CPU.Build.0 = Release|Any CPU
		{F475C189-520F-4BE9-9E26-E948ED406FA9}.Debug|Any CPU.ActiveCfg = Debug|Any CPU
		{F475C189-520F-4BE9-9E26-E948ED406FA9}.Debug|Any CPU.Build.0 = Debug|Any CPU
		{F475C189-520F-4BE9-9E26-E948ED406FA9}.Release|Any CPU.ActiveCfg = Release|Any CPU
		{F475C189-520F-4BE9-9E26-E948ED406FA9}.Release|Any CPU.Build.0 = Release|Any CPU
		{E91C5BB8-3EB1-43CC-B545-E7B1887363FA}.Debug|Any CPU.ActiveCfg = Debug|Any CPU
		{E91C5BB8-3EB1-43CC-B545-E7B1887363FA}.Debug|Any CPU.Build.0 = Debug|Any CPU
		{E91C5BB8-3EB1-43CC-B545-E7B1887363FA}.Release|Any CPU.ActiveCfg = Release|Any CPU
		{E91C5BB8-3EB1-43CC-B545-E7B1887363FA}.Release|Any CPU.Build.0 = Release|Any CPU
		{B3EE8205-E0E6-415F-8C5C-C9FD5213FABA}.Debug|Any CPU.ActiveCfg = Debug|Any CPU
		{B3EE8205-E0E6-415F-8C5C-C9FD5213FABA}.Debug|Any CPU.Build.0 = Debug|Any CPU
		{B3EE8205-E0E6-415F-8C5C-C9FD5213FABA}.Release|Any CPU.ActiveCfg = Release|Any CPU
		{B3EE8205-E0E6-415F-8C5C-C9FD5213FABA}.Release|Any CPU.Build.0 = Release|Any CPU
		{97FC4534-C24F-4136-99F2-A46E351C378F}.Debug|Any CPU.ActiveCfg = Debug|Any CPU
		{97FC4534-C24F-4136-99F2-A46E351C378F}.Debug|Any CPU.Build.0 = Debug|Any CPU
		{97FC4534-C24F-4136-99F2-A46E351C378F}.Release|Any CPU.ActiveCfg = Release|Any CPU
		{97FC4534-C24F-4136-99F2-A46E351C378F}.Release|Any CPU.Build.0 = Release|Any CPU
		{7D870CDE-D5D9-4CD1-A74E-4EC449D7C44C}.Debug|Any CPU.ActiveCfg = Debug|Any CPU
		{7D870CDE-D5D9-4CD1-A74E-4EC449D7C44C}.Debug|Any CPU.Build.0 = Debug|Any CPU
		{7D870CDE-D5D9-4CD1-A74E-4EC449D7C44C}.Release|Any CPU.ActiveCfg = Release|Any CPU
		{7D870CDE-D5D9-4CD1-A74E-4EC449D7C44C}.Release|Any CPU.Build.0 = Release|Any CPU
		{8F550433-059C-4495-8B18-44632949FEAA}.Debug|Any CPU.ActiveCfg = Debug|Any CPU
		{8F550433-059C-4495-8B18-44632949FEAA}.Debug|Any CPU.Build.0 = Debug|Any CPU
		{8F550433-059C-4495-8B18-44632949FEAA}.Release|Any CPU.ActiveCfg = Release|Any CPU
		{8F550433-059C-4495-8B18-44632949FEAA}.Release|Any CPU.Build.0 = Release|Any CPU
		{EA92E871-61F3-42FA-9A52-8BE175087404}.Debug|Any CPU.ActiveCfg = Debug|Any CPU
		{EA92E871-61F3-42FA-9A52-8BE175087404}.Debug|Any CPU.Build.0 = Debug|Any CPU
		{EA92E871-61F3-42FA-9A52-8BE175087404}.Release|Any CPU.ActiveCfg = Release|Any CPU
		{EA92E871-61F3-42FA-9A52-8BE175087404}.Release|Any CPU.Build.0 = Release|Any CPU
		{4BC89A68-3776-41FA-979D-AC1A585D2328}.Debug|Any CPU.ActiveCfg = Debug|Any CPU
		{4BC89A68-3776-41FA-979D-AC1A585D2328}.Debug|Any CPU.Build.0 = Debug|Any CPU
		{4BC89A68-3776-41FA-979D-AC1A585D2328}.Release|Any CPU.ActiveCfg = Release|Any CPU
		{4BC89A68-3776-41FA-979D-AC1A585D2328}.Release|Any CPU.Build.0 = Release|Any CPU
		{311123F4-FD5F-4F4B-B998-8E2A24FEC670}.Debug|Any CPU.ActiveCfg = Debug|Any CPU
		{311123F4-FD5F-4F4B-B998-8E2A24FEC670}.Debug|Any CPU.Build.0 = Debug|Any CPU
		{311123F4-FD5F-4F4B-B998-8E2A24FEC670}.Release|Any CPU.ActiveCfg = Release|Any CPU
		{311123F4-FD5F-4F4B-B998-8E2A24FEC670}.Release|Any CPU.Build.0 = Release|Any CPU
		{6F8AFD85-E7BF-443A-A1F9-E2D7AB30ADBA}.Debug|Any CPU.ActiveCfg = Debug|Any CPU
		{6F8AFD85-E7BF-443A-A1F9-E2D7AB30ADBA}.Debug|Any CPU.Build.0 = Debug|Any CPU
		{6F8AFD85-E7BF-443A-A1F9-E2D7AB30ADBA}.Release|Any CPU.ActiveCfg = Release|Any CPU
		{6F8AFD85-E7BF-443A-A1F9-E2D7AB30ADBA}.Release|Any CPU.Build.0 = Release|Any CPU
		{E9F706B4-1F1E-47C3-B254-8D4395746D3E}.Debug|Any CPU.ActiveCfg = Debug|Any CPU
		{E9F706B4-1F1E-47C3-B254-8D4395746D3E}.Debug|Any CPU.Build.0 = Debug|Any CPU
		{E9F706B4-1F1E-47C3-B254-8D4395746D3E}.Release|Any CPU.ActiveCfg = Release|Any CPU
		{E9F706B4-1F1E-47C3-B254-8D4395746D3E}.Release|Any CPU.Build.0 = Release|Any CPU
		{D498AEDD-678C-4E86-ACB8-A4C8203240CC}.Debug|Any CPU.ActiveCfg = Debug|Any CPU
		{D498AEDD-678C-4E86-ACB8-A4C8203240CC}.Debug|Any CPU.Build.0 = Debug|Any CPU
		{D498AEDD-678C-4E86-ACB8-A4C8203240CC}.Release|Any CPU.ActiveCfg = Release|Any CPU
		{D498AEDD-678C-4E86-ACB8-A4C8203240CC}.Release|Any CPU.Build.0 = Release|Any CPU
	EndGlobalSection
	GlobalSection(SolutionProperties) = preSolution
		HideSolutionNode = FALSE
	EndGlobalSection
	GlobalSection(ExtensibilityGlobals) = postSolution
		SolutionGuid = {CC7D0BDD-9E15-4188-A4F9-7783BCA65152}
	EndGlobalSection
EndGlobal
